aiohappyeyeballs==2.3.4
aiohttp==3.10.1
aiosignal==1.3.1
annotated-types==0.7.0
anyio==4.4.0
asttokens==2.4.1
async-timeout==4.0.3
asyncio==3.4.3
attrs==24.1.0
beautifulsoup4==4.12.3
certifi==2024.7.4
charset-normalizer==3.3.2
click==8.1.7
colorama==0.4.6
comm==0.2.2
debugpy==1.8.5
decorator==5.1.1
distro==1.9.0
eval_type_backport==0.2.0
exceptiongroup==1.2.2
executing==2.0.1
filelock==3.15.4
fpdf==1.7.2
frozenlist==1.4.1
groq==0.9.0
h11==0.14.0
httpcore==1.0.5
httpx==0.27.0
idna==3.7
ipykernel==6.29.5
ipython==8.26.0
jedi==0.19.1
jupyter_client==8.6.2
jupyter_core==5.7.2
llm_proxy @ git+https://github.com/AlbertoGonzalezOlmos/llm-proxy.git@ec1fde47a81f03b12f1e91426c2d433d37e5790a
markdown-it-py==3.0.0
matplotlib-inline==0.1.7
mdurl==0.1.2
multidict==6.0.5
nest-asyncio==1.6.0
numpy==2.0.1
outcome==1.3.0.post0
packaging==24.1
parso==0.8.4
pexpect==4.9.0
pillow==10.4.0
platformdirs==4.2.2
prompt_toolkit==3.0.47
psutil==6.0.0
ptyprocess==0.7.0
pure_eval==0.2.3
pyarrow==17.0.0
pydantic==2.8.2
pydantic_core==2.20.1
Pygments==2.18.0
PySocks==1.7.1
python-dateutil==2.9.0.post0
python-dotenv==1.0.1
pyzmq==26.1.0
requests==2.32.3
rich==13.7.1
secure-smtplib==0.1.1
selenium==4.23.1
shellingham==1.5.4
six==1.16.0
sniffio==1.3.1
sortedcontainers==2.4.0
soupsieve==2.5
stack-data==0.6.3
tabulate==0.9.0
together==1.2.5
tornado==6.4.1
tqdm==4.66.5
traitlets==5.14.3
trio==0.26.1
trio-websocket==0.11.1
typer==0.12.3
typing_extensions==4.12.2
urllib3==2.2.2
wcwidth==0.2.13
websocket-client==1.8.0
wsproto==1.2.0
yarl==1.9.4
